{
  "name": "hello_go",
  "lockfileVersion": 3,
  "requires": true,
  "packages": {
    "": {
      "devDependencies": {
        "@bjorn3/browser_wasi_shim": "^0.2.15"
      }
    },
    "node_modules/@bjorn3/browser_wasi_shim": {
      "version": "0.2.15",
      "resolved": "https://registry.npmjs.org/@bjorn3/browser_wasi_shim/-/browser_wasi_shim-0.2.15.tgz",
      "integrity": "sha512-nIALnN3uq/UFCz1yyJ+VtbBOHQTAhFl/ZYs8LRxqrza58lb4s1RF5y0B5jaaaU++QNyN1v87kDiKIkrauJnadA==",
      "dev": true
    }
  }
}
